
Microsoft Visual Studio Solution File, Format Version 10.00
# Visual C++ Express 2008
Project("{8BC9CEB8-8B4A-11D0-8D11-00A0C91BC942}") = "BitEdit", "BitEdit.vcproj", "{7A57243B-67CC-4A40-A9BF-F5C26F211F5B}"
EndProject
Global
	GlobalSection(SolutionConfigurationPlatforms) = preSolution
		Debug|Win32 = Debug|Win32
		Release|Win32 = Release|Win32
	EndGlobalSection
	GlobalSection(ProjectConfigurationPlatforms) = postSolution
		{7A57243B-67CC-4A40-A9BF-F5C26F211F5B}.Debug|Win32.ActiveCfg = Debug|Win32
		{7A57243B-67CC-4A40-A9BF-F5C26F211F5B}.Debug|Win32.Build.0 = Debug|Win32
		{7A57243B-67CC-4A40-A9BF-F5C26F211F5B}.Release|Win32.ActiveCfg = Release|Win32
		{7A57243B-67CC-4A40-A9BF-F5C26F211F5B}.Release|Win32.Build.0 = Release|Win32
	EndGlobalSection
	GlobalSection(SolutionProperties) = preSolution
		HideSolutionNode = FALSE
	EndGlobalSection
EndGlobal
